Microsoft Visual Studio Solution File, Format Version 12.00
# Visual Studio Version 17
VisualStudioVersion = 17.13.35617.110
MinimumVisualStudioVersion = 10.0.40219.1
Project("{2150E333-8FDC-42A3-9474-1A3956D46DE8}") = "configurations", "configurations", "{02EA681E-C7D8-13C7-8484-4AC65E1B71E8}"
	ProjectSection(SolutionItems) = preProject
		.editorconfig = .editorconfig
		.gitattributes = .gitattributes
		.gitignore = .gitignore
		directory.build.props = directory.build.props
		directory.packages.props = directory.packages.props
		nuget.config = nuget.config
		Pulsewave.Chaos.targets = Pulsewave.Chaos.targets
		.config\stylecop.json = .config\stylecop.json
	EndProjectSection
EndProject
Project("{FAE04EC0-301F-11D3-BF4B-00C04F79EFBC}") = "Pulsewave.Chaos", "src\Pulsewave.Chaos\Pulsewave.Chaos.csproj", "{3CF6359A-9C42-0DC1-AEA5-35E1C3816904}"
EndProject
Project("{FAE04EC0-301F-11D3-BF4B-00C04F79EFBC}") = "Pulsewave.Chaos.Setup", "src\Pulsewave.Chaos.Setup\Pulsewave.Chaos.Setup.csproj", "{5288392E-4890-458F-8F8C-6E5DE3128C78}"
EndProject
Project("{FAE04EC0-301F-11D3-BF4B-00C04F79EFBC}") = "Pulsewave.Chaos.Tests", "src\Pulsewave.Chaos.Tests\Pulsewave.Chaos.Tests.csproj", "{ECFF9367-4F20-4717-A717-76E84E9A2C40}"
EndProject
Global
	GlobalSection(SolutionConfigurationPlatforms) = preSolution
		Debug|Any CPU = Debug|Any CPU
		Release|Any CPU = Release|Any CPU
	EndGlobalSection
	GlobalSection(ProjectConfigurationPlatforms) = postSolution
		{3CF6359A-9C42-0DC1-AEA5-35E1C3816904}.Debug|Any CPU.ActiveCfg = Debug|Any CPU
		{3CF6359A-9C42-0DC1-AEA5-35E1C3816904}.Debug|Any CPU.Build.0 = Debug|Any CPU
		{3CF6359A-9C42-0DC1-AEA5-35E1C3816904}.Release|Any CPU.ActiveCfg = Release|Any CPU
		{3CF6359A-9C42-0DC1-AEA5-35E1C3816904}.Release|Any CPU.Build.0 = Release|Any CPU
		{5288392E-4890-458F-8F8C-6E5DE3128C78}.Debug|Any CPU.ActiveCfg = Debug|Any CPU
		{5288392E-4890-458F-8F8C-6E5DE3128C78}.Debug|Any CPU.Build.0 = Debug|Any CPU
		{5288392E-4890-458F-8F8C-6E5DE3128C78}.Release|Any CPU.ActiveCfg = Release|Any CPU
		{5288392E-4890-458F-8F8C-6E5DE3128C78}.Release|Any CPU.Build.0 = Release|Any CPU
		{ECFF9367-4F20-4717-A717-76E84E9A2C40}.Debug|Any CPU.ActiveCfg = Debug|Any CPU
		{ECFF9367-4F20-4717-A717-76E84E9A2C40}.Debug|Any CPU.Build.0 = Debug|Any CPU
		{ECFF9367-4F20-4717-A717-76E84E9A2C40}.Release|Any CPU.ActiveCfg = Release|Any CPU
		{ECFF9367-4F20-4717-A717-76E84E9A2C40}.Release|Any CPU.Build.0 = Release|Any CPU
	EndGlobalSection
	GlobalSection(SolutionProperties) = preSolution
		HideSolutionNode = FALSE
	EndGlobalSection
	GlobalSection(ExtensibilityGlobals) = postSolution
		SolutionGuid = {862EC572-A868-4193-BF6D-3A2054D9750D}
	EndGlobalSection
EndGlobal
